
Microsoft Visual Studio Solution File, Format Version 12.00
# Visual Studio Version 16
VisualStudioVersion = 16.0.30907.101
MinimumVisualStudioVersion = 10.0.40219.1
Project("{FAE04EC0-301F-11D3-BF4B-00C04F79EFBC}") = "tarea10", "tarea10\tarea10.csproj", "{A0252053-BF1A-4775-86AF-D0F25D21A3D6}"
EndProject
Global
	GlobalSection(SolutionConfigurationPlatforms) = preSolution
		Debug|Any CPU = Debug|Any CPU
		Release|Any CPU = Release|Any CPU
	EndGlobalSection
	GlobalSection(ProjectConfigurationPlatforms) = postSolution
		{A0252053-BF1A-4775-86AF-D0F25D21A3D6}.Debug|Any CPU.ActiveCfg = Debug|Any CPU
		{A0252053-BF1A-4775-86AF-D0F25D21A3D6}.Debug|Any CPU.Build.0 = Debug|Any CPU
		{A0252053-BF1A-4775-86AF-D0F25D21A3D6}.Release|Any CPU.ActiveCfg = Release|Any CPU
		{A0252053-BF1A-4775-86AF-D0F25D21A3D6}.Release|Any CPU.Build.0 = Release|Any CPU
	EndGlobalSection
	GlobalSection(SolutionProperties) = preSolution
		HideSolutionNode = FALSE
	EndGlobalSection
	GlobalSection(ExtensibilityGlobals) = postSolution
		SolutionGuid = {4B6BD52F-B538-4BA9-9C97-1FD641C01301}
	EndGlobalSection
EndGlobal
